{
  "name": "testcafe-getting-started",
  "lockfileVersion": 3,
  "requires": true,
  "packages": {
    "": {
      "devDependencies": {
        "@faker-js/faker": "^9.3.0",
        "eslint-plugin-testcafe": "^0.2.1"
      }
    },
    "node_modules/@faker-js/faker": {
      "version": "9.3.0",
      "resolved": "https://registry.npmjs.org/@faker-js/faker/-/faker-9.3.0.tgz",
      "integrity": "sha512-r0tJ3ZOkMd9xsu3VRfqlFR6cz0V/jFYRswAIpC+m/DIfAUXq7g8N7wTAlhSANySXYGKzGryfDXwtwsY8TxEIDw==",
      "dev": true,
      "funding": [
        {
          "type": "opencollective",
          "url": "https://opencollective.com/fakerjs"
        }
      ],
      "engines": {
        "node": ">=18.0.0",
        "npm": ">=9.0.0"
      }
    },
    "node_modules/eslint-plugin-testcafe": {
      "version": "0.2.1",
      "resolved": "https://registry.npmjs.org/eslint-plugin-testcafe/-/eslint-plugin-testcafe-0.2.1.tgz",
      "integrity": "sha512-LZMHQ2kHFXzbt6ZSS2yUOQhr8QaHwaqvmra1EnXKK0qEwpAvegLdjntCbRPtuD6bDGxPFG87Y7mkI3S9TjZA4A==",
      "dev": true
    }
  }
}
